
Microsoft Visual Studio Solution File, Format Version 12.00
# Visual Studio Version 17
VisualStudioVersion = 17.3.32929.385
MinimumVisualStudioVersion = 10.0.40219.1
Project("{FAE04EC0-301F-11D3-BF4B-00C04F79EFBC}") = "İEA_SİGNALR_API", "İEA_SİGNALR_API\İEA_SİGNALR_API.csproj", "{D139DFDA-821C-4396-93B9-93380BE881BB}"
EndProject
Project("{FAE04EC0-301F-11D3-BF4B-00C04F79EFBC}") = "WebApplication1", "WebApplication1\WebApplication1.csproj", "{9C613DF9-31B4-4206-A17B-28ADF16E4F13}"
EndProject
Global
	GlobalSection(SolutionConfigurationPlatforms) = preSolution
		Debug|Any CPU = Debug|Any CPU
		Release|Any CPU = Release|Any CPU
	EndGlobalSection
	GlobalSection(ProjectConfigurationPlatforms) = postSolution
		{D139DFDA-821C-4396-93B9-93380BE881BB}.Debug|Any CPU.ActiveCfg = Debug|Any CPU
		{D139DFDA-821C-4396-93B9-93380BE881BB}.Debug|Any CPU.Build.0 = Debug|Any CPU
		{D139DFDA-821C-4396-93B9-93380BE881BB}.Release|Any CPU.ActiveCfg = Release|Any CPU
		{D139DFDA-821C-4396-93B9-93380BE881BB}.Release|Any CPU.Build.0 = Release|Any CPU
		{9C613DF9-31B4-4206-A17B-28ADF16E4F13}.Debug|Any CPU.ActiveCfg = Debug|Any CPU
		{9C613DF9-31B4-4206-A17B-28ADF16E4F13}.Debug|Any CPU.Build.0 = Debug|Any CPU
		{9C613DF9-31B4-4206-A17B-28ADF16E4F13}.Release|Any CPU.ActiveCfg = Release|Any CPU
		{9C613DF9-31B4-4206-A17B-28ADF16E4F13}.Release|Any CPU.Build.0 = Release|Any CPU
	EndGlobalSection
	GlobalSection(SolutionProperties) = preSolution
		HideSolutionNode = FALSE
	EndGlobalSection
	GlobalSection(ExtensibilityGlobals) = postSolution
		SolutionGuid = {171A47EC-DD17-4C26-9015-0B32F7E22026}
	EndGlobalSection
EndGlobal
